using System;
using System.Collections.Generic;
using System.Linq;
using System.Text;
using System.Threading.Tasks;

namespace moonayeMaker
{
    class Program
    {
        static void Main(string[] args)
        {
         Console.WriteLine("Welcome to Money Maker!"); Console.WriteLine("Enter an amount and we'll it transfer to coins:"); string money = Console.ReadLine(); 
           double money1 = Convert.ToDouble(money); Console.WriteLine($"{money1} is equal to... ");   
//convert into coins   
           double goldValue = 10;    
           double silverValue = 5;   
//checking gold coins    
           double goldCoins = Math.Round(money1 / goldValue);  
           double remainder = money1 % goldValue;   
//checking silver coins   
           double silverCoins = Math.Round(remainder / silverValue);   
           remainder = remainder % silverValue;  
//print all to console  
           Console.WriteLine($"Gold Coins = {goldCoins}");                                                                                                                                                                                                                                                
             Console.WriteLine($"Sliver Coins = {silverCoins}");    
           	Console.WriteLine($"Bronze Coins = {remainder}");

        }
    }
}

